
Microsoft Visual Studio Solution File, Format Version 12.00
# Visual Studio Version 17
VisualStudioVersion = 17.3.32901.215
MinimumVisualStudioVersion = 10.0.40219.1
Project("{FAE04EC0-301F-11D3-BF4B-00C04F79EFBC}") = "Store", "Store.csproj", "{758663EE-A330-45FD-9363-5AED5070FFA5}"
EndProject
Global
	GlobalSection(SolutionConfigurationPlatforms) = preSolution
		Debug|Any CPU = Debug|Any CPU
		Release|Any CPU = Release|Any CPU
	EndGlobalSection
	GlobalSection(ProjectConfigurationPlatforms) = postSolution
		{758663EE-A330-45FD-9363-5AED5070FFA5}.Debug|Any CPU.ActiveCfg = Debug|Any CPU
		{758663EE-A330-45FD-9363-5AED5070FFA5}.Debug|Any CPU.Build.0 = Debug|Any CPU
		{758663EE-A330-45FD-9363-5AED5070FFA5}.Release|Any CPU.ActiveCfg = Release|Any CPU
		{758663EE-A330-45FD-9363-5AED5070FFA5}.Release|Any CPU.Build.0 = Release|Any CPU
	EndGlobalSection
	GlobalSection(SolutionProperties) = preSolution
		HideSolutionNode = FALSE
	EndGlobalSection
	GlobalSection(ExtensibilityGlobals) = postSolution
		SolutionGuid = {1FB32373-F875-43AA-91CC-124C76BA8A8D}
	EndGlobalSection
EndGlobal
